# This file is @generated by uv lock

[version]
1

[options]
exclude-newer = "2024-03-30T00:00:00Z"

[[distribution]]
name = "annotated-types"
version = "0.6.0"
source = "registry+https://pypi.org/simple"
sdist = { url = "https://files.pythonhosted.org/packages/67/fe/8c7b2758244646740c2d1d76a14e9383ba80eb3621e5b0a9f9b5b5c9b0e6a1/annotated_types-0.6.0.tar.gz", hash = "sha256:563339e807e53ffd9c267e99fc6d9ea23eb8443c08f112651963e24e22f84a5d547" }
wheels = [
    { url = "https://files.pythonhosted.org/packages/28/78/d4f2941c0bf76d4350f533449b29ed768a3e4bd4ec7ea630ab80db39d0e7bcc/annotated_types-0.6.0-py3-none-any.whl", hash = "sha256:0641064de18ba7a25dee8f96403ebc39113d0cb953a01429249d5c75646639a0184" },
]

[[distribution]]
name = "anyio"
version = "4.3.0"
source = "registry+https://pypi.org/simple"
dependencies = [
    { name = "idna" },
    { name = "sniffio" },
]
sdist = { url = "https://files.pythonhosted.org/packages/db/4d/3970183622f0330d3c23d9b8a5f52e365e50381fd484d08e3285104333c63e0/anyio-4.3.0.tar.gz", hash = "sha256:f75253795a87df48568485fd18cdd2a3fa5c4f7c5be8e5e366377bf4de89bd2300" }
wheels = [
    { url = "https://files.pythonhosted.org/packages/14/fd/2f20c40b45e4fb4324834aea24bd4afdf1143390242c0b33774da0e2e34fbae/anyio-4.3.0-py3-none-any.whl", hash = "sha256:048e05d0f6caeed70d731f3db756d35dcc1f35747c8c403364a8332c630441b8e3" },
]

# Add more distributions as needed, but this is a minimal example